// !$*UTF8*$!
{
	archiveVersion = 1;
	classes = {
	};
	objectVersion = 56;
	objects = {

/* Begin PBXBuildFile section */
		CE05290E2A387C7600F7FA44 /* MobileViewController.swift in Sources */ = {isa = PBXBuildFile; fileRef = CE05290D2A387C7600F7FA44 /* MobileViewController.swift */; };
		CE0529102A387C8900F7FA44 /* OtpViewController.swift in Sources */ = {isa = PBXBuildFile; fileRef = CE05290F2A387C8900F7FA44 /* OtpViewController.swift */; };
		CED42ACE2A383C6200CD6294 /* AppDelegate.swift in Sources */ = {isa = PBXBuildFile; fileRef = CED42ACD2A383C6200CD6294 /* AppDelegate.swift */; };
		CED42AD02A383C6200CD6294 /* SceneDelegate.swift in Sources */ = {isa = PBXBuildFile; fileRef = CED42ACF2A383C6200CD6294 /* SceneDelegate.swift */; };
		CED42AD22A383C6200CD6294 /* ViewController.swift in Sources */ = {isa = PBXBuildFile; fileRef = CED42AD12A383C6200CD6294 /* ViewController.swift */; };
		CED42AD52A383C6200CD6294 /* Main.storyboard in Resources */ = {isa = PBXBuildFile; fileRef = CED42AD32A383C6200CD6294 /* Main.storyboard */; };
		CED42AD72A383C6500CD6294 /* Assets.xcassets in Resources */ = {isa = PBXBuildFile; fileRef = CED42AD62A383C6500CD6294 /* Assets.xcassets */; };
		CED42ADA2A383C6500CD6294 /* LaunchScreen.storyboard in Resources */ = {isa = PBXBuildFile; fileRef = CED42AD82A383C6500CD6294 /* LaunchScreen.storyboard */; };
/* End PBXBuildFile section */

/* Begin PBXFileReference section */
		CE05290D2A387C7600F7FA44 /* MobileViewController.swift */ = {isa = PBXFileReference; lastKnownFileType = sourcecode.swift; path = MobileViewController.swift; sourceTree = "<group>"; };
		CE05290F2A387C8900F7FA44 /* OtpViewController.swift */ = {isa = PBXFileReference; lastKnownFileType = sourcecode.swift; path = OtpViewController.swift; sourceTree = "<group>"; };
		CED42ACA2A383C6200CD6294 /* PhoneNumberAuth.app */ = {isa = PBXFileReference; explicitFileType = wrapper.application; includeInIndex = 0; path = PhoneNumberAuth.app; sourceTree = BUILT_PRODUCTS_DIR; };
		CED42ACD2A383C6200CD6294 /* AppDelegate.swift */ = {isa = PBXFileReference; lastKnownFileType = sourcecode.swift; path = AppDelegate.swift; sourceTree = "<group>"; };
		CED42ACF2A383C6200CD6294 /* SceneDelegate.swift */ = {isa = PBXFileReference; lastKnownFileType = sourcecode.swift; path = SceneDelegate.swift; sourceTree = "<group>"; };
		CED42AD12A383C6200CD6294 /* ViewController.swift */ = {isa = PBXFileReference; lastKnownFileType = sourcecode.swift; path = ViewController.swift; sourceTree = "<group>"; };
		CED42AD42A383C6200CD6294 /* Base */ = {isa = PBXFileReference; lastKnownFileType = file.storyboard; name = Base; path = Base.lproj/Main.storyboard; sourceTree = "<group>"; };
		CED42AD62A383C6500CD6294 /* Assets.xcassets */ = {isa = PBXFileReference; lastKnownFileType = folder.assetcatalog; path = Assets.xcassets; sourceTree = "<group>"; };
		CED42AD92A383C6500CD6294 /* Base */ = {isa = PBXFileReference; lastKnownFileType = file.storyboard; name = Base; path = Base.lproj/LaunchScreen.storyboard; sourceTree = "<group>"; };
		CED42ADB2A383C6500CD6294 /* Info.plist */ = {isa = PBXFileReference; lastKnownFileType = text.plist.xml; path = Info.plist; sourceTree = "<group>"; };
/* End PBXFileReference section */

/* Begin PBXFrameworksBuildPhase section */
		CED42AC72A383C6200CD6294 /* Frameworks */ = {
			isa = PBXFrameworksBuildPhase;
			buildActionMask = 2147483647;
			files = (
			);
			runOnlyForDeploymentPostprocessing = 0;
		};
/* End PBXFrameworksBuildPhase section */

/* Begin PBXGroup section */
		CE0529112A387C9200F7FA44 /* Controller */ = {
			isa = PBXGroup;
			children = (
				CED42AD12A383C6200CD6294 /* ViewController.swift */,
				CE05290D2A387C7600F7FA44 /* MobileViewController.swift */,
				CE05290F2A387C8900F7FA44 /* OtpViewController.swift */,
			);
			path = Controller;
			sourceTree = "<group>";
		};
		CED42AC12A383C6200CD6294 = {
			isa = PBXGroup;
			children = (
				CED42ACC2A383C6200CD6294 /* PhoneNumberAuth */,
				CED42ACB2A383C6200CD6294 /* Products */,
			);
			sourceTree = "<group>";
		};
		CED42ACB2A383C6200CD6294 /* Products */ = {
			isa = PBXGroup;
			children = (
				CED42ACA2A383C6200CD6294 /* PhoneNumberAuth.app */,
			);
			name = Products;
			sourceTree = "<group>";
		};
		CED42ACC2A383C6200CD6294 /* PhoneNumberAuth */ = {
			isa = PBXGroup;
			children = (
				CE0529112A387C9200F7FA44 /* Controller */,
				CED42ACD2A383C6200CD6294 /* AppDelegate.swift */,
				CED42ACF2A383C6200CD6294 /* SceneDelegate.swift */,
				CED42AD32A383C6200CD6294 /* Main.storyboard */,
				CED42AD62A383C6500CD6294 /* Assets.xcassets */,
				CED42AD82A383C6500CD6294 /* LaunchScreen.storyboard */,
				CED42ADB2A383C6500CD6294 /* Info.plist */,
			);
			path = PhoneNumberAuth;
			sourceTree = "<group>";
		};
/* End PBXGroup section */

/* Begin PBXNativeTarget section */
		CED42AC92A383C6200CD6294 /* PhoneNumberAuth */ = {
			isa = PBXNativeTarget;
			buildConfigurationList = CED42ADE2A383C6500CD6294 /* Build configuration list for PBXNativeTarget "PhoneNumberAuth" */;
			buildPhases = (
				CED42AC62A383C6200CD6294 /* Sources */,
				CED42AC72A383C6200CD6294 /* Frameworks */,
				CED42AC82A383C6200CD6294 /* Resources */,
			);
			buildRules = (
			);
			dependencies = (
			);
			name = PhoneNumberAuth;
			productName = PhoneNumberAuth;
			productReference = CED42ACA2A383C6200CD6294 /* PhoneNumberAuth.app */;
			productType = "com.apple.product-type.application";
		};
/* End PBXNativeTarget section */

/* Begin PBXProject section */
		CED42AC22A383C6200CD6294 /* Project object */ = {
			isa = PBXProject;
			attributes = {
				BuildIndependentTargetsInParallel = 1;
				LastSwiftUpdateCheck = 1410;
				LastUpgradeCheck = 1410;
				TargetAttributes = {
					CED42AC92A383C6200CD6294 = {
						CreatedOnToolsVersion = 14.1;
					};
				};
			};
			buildConfigurationList = CED42AC52A383C6200CD6294 /* Build configuration list for PBXProject "PhoneNumberAuth" */;
			compatibilityVersion = "Xcode 14.0";
			developmentRegion = en;
			hasScannedForEncodings = 0;
			knownRegions = (
				en,
				Base,
			);
			mainGroup = CED42AC12A383C6200CD6294;
			productRefGroup = CED42ACB2A383C6200CD6294 /* Products */;
			projectDirPath = "";
			projectRoot = "";
			targets = (
				CED42AC92A383C6200CD6294 /* PhoneNumberAuth */,
			);
		};
/* End PBXProject section */

/* Begin PBXResourcesBuildPhase section */
		CED42AC82A383C6200CD6294 /* Resources */ = {
			isa = PBXResourcesBuildPhase;
			buildActionMask = 2147483647;
			files = (
				CED42ADA2A383C6500CD6294 /* LaunchScreen.storyboard in Resources */,
				CED42AD72A383C6500CD6294 /* Assets.xcassets in Resources */,
				CED42AD52A383C6200CD6294 /* Main.storyboard in Resources */,
			);
			runOnlyForDeploymentPostprocessing = 0;
		};
/* End PBXResourcesBuildPhase section */

/* Begin PBXSourcesBuildPhase section */
		CED42AC62A383C6200CD6294 /* Sources */ = {
			isa = PBXSourcesBuildPhase;
			buildActionMask = 2147483647;
			files = (
				CE0529102A387C8900F7FA44 /* OtpViewController.swift in Sources */,
				CE05290E2A387C7600F7FA44 /* MobileViewController.swift in Sources */,
				CED42AD22A383C6200CD6294 /* ViewController.swift in Sources */,
				CED42ACE2A383C6200CD6294 /* AppDelegate.swift in Sources */,
				CED42AD02A383C6200CD6294 /* SceneDelegate.swift in Sources */,
			);
			runOnlyForDeploymentPostprocessing = 0;
		};
/* End PBXSourcesBuildPhase section */

/* Begin PBXVariantGroup section */
		CED42AD32A383C6200CD6294 /* Main.storyboard */ = {
			isa = PBXVariantGroup;
			children = (
				CED42AD42A383C6200CD6294 /* Base */,
			);
			name = Main.storyboard;
			sourceTree = "<group>";
		};
		CED42AD82A383C6500CD6294 /* LaunchScreen.storyboard */ = {
			isa = PBXVariantGroup;
			children = (
				CED42AD92A383C6500CD6294 /* Base */,
			);
			name = LaunchScreen.storyboard;
			sourceTree = "<group>";
		};
/* End PBXVariantGroup section */

/* Begin XCBuildConfiguration section */
		CED42ADC2A383C6500CD6294 /* Debug */ = {
			isa = XCBuildConfiguration;
			buildSettings = {
				ALWAYS_SEARCH_USER_PATHS = NO;
				CLANG_ANALYZER_NONNULL = YES;
				CLANG_ANALYZER_NUMBER_OBJECT_CONVERSION = YES_AGGRESSIVE;
				CLANG_CXX_LANGUAGE_STANDARD = "gnu++20";
				CLANG_ENABLE_MODULES = YES;
				CLANG_ENABLE_OBJC_ARC = YES;
				CLANG_ENABLE_OBJC_WEAK = YES;
				CLANG_WARN_BLOCK_CAPTURE_AUTORELEASING = YES;
				CLANG_WARN_BOOL_CONVERSION = YES;
				CLANG_WARN_COMMA = YES;
				CLANG_WARN_CONSTANT_CONVERSION = YES;
				CLANG_WARN_DEPRECATED_OBJC_IMPLEMENTATIONS = YES;
				CLANG_WARN_DIRECT_OBJC_ISA_USAGE = YES_ERROR;
				CLANG_WARN_DOCUMENTATION_COMMENTS = YES;
				CLANG_WARN_EMPTY_BODY = YES;
				CLANG_WARN_ENUM_CONVERSION = YES;
				CLANG_WARN_INFINITE_RECURSION = YES;
				CLANG_WARN_INT_CONVERSION = YES;
				CLANG_WARN_NON_LITERAL_NULL_CONVERSION = YES;
				CLANG_WARN_OBJC_IMPLICIT_RETAIN_SELF = YES;
				CLANG_WARN_OBJC_LITERAL_CONVERSION = YES;
				CLANG_WARN_OBJC_ROOT_CLASS = YES_ERROR;
				CLANG_WARN_QUOTED_INCLUDE_IN_FRAMEWORK_HEADER = YES;
				CLANG_WARN_RANGE_LOOP_ANALYSIS = YES;
				CLANG_WARN_STRICT_PROTOTYPES = YES;
				CLANG_WARN_SUSPICIOUS_MOVE = YES;
				CLANG_WARN_UNGUARDED_AVAILABILITY = YES_AGGRESSIVE;
				CLANG_WARN_UNREACHABLE_CODE = YES;
				CLANG_WARN__DUPLICATE_METHOD_MATCH = YES;
				COPY_PHASE_STRIP = NO;
				DEBUG_INFORMATION_FORMAT = dwarf;
				ENABLE_STRICT_OBJC_MSGSEND = YES;
				ENABLE_TESTABILITY = YES;
				GCC_C_LANGUAGE_STANDARD = gnu11;
				GCC_DYNAMIC_NO_PIC = NO;
				GCC_NO_COMMON_BLOCKS = YES;
				GCC_OPTIMIZATION_LEVEL = 0;
				GCC_PREPROCESSOR_DEFINITIONS = (
					"DEBUG=1",
					"$(inherited)",
				);
				GCC_WARN_64_TO_32_BIT_CONVERSION = YES;
				GCC_WARN_ABOUT_RETURN_TYPE = YES_ERROR;
				GCC_WARN_UNDECLARED_SELECTOR = YES;
				GCC_WARN_UNINITIALIZED_AUTOS = YES_AGGRESSIVE;
				GCC_WARN_UNUSED_FUNCTION = YES;
				GCC_WARN_UNUSED_VARIABLE = YES;
				IPHONEOS_DEPLOYMENT_TARGET = 16.1;
				MTL_ENABLE_DEBUG_INFO = INCLUDE_SOURCE;
				MTL_FAST_MATH = YES;
				ONLY_ACTIVE_ARCH = YES;
				SDKROOT = iphoneos;
				SWIFT_ACTIVE_COMPILATION_CONDITIONS = DEBUG;
				SWIFT_OPTIMIZATION_LEVEL = "-Onone";
			};
			name = Debug;
		};
		CED42ADD2A383C6500CD6294 /* Release */ = {
			isa = XCBuildConfiguration;
			buildSettings = {
				ALWAYS_SEARCH_USER_PATHS = NO;
				CLANG_ANALYZER_NONNULL = YES;
				CLANG_ANALYZER_NUMBER_OBJECT_CONVERSION = YES_AGGRESSIVE;
				CLANG_CXX_LANGUAGE_STANDARD = "gnu++20";
				CLANG_ENABLE_MODULES = YES;
				CLANG_ENABLE_OBJC_ARC = YES;
				CLANG_ENABLE_OBJC_WEAK = YES;
				CLANG_WARN_BLOCK_CAPTURE_AUTORELEASING = YES;
				CLANG_WARN_BOOL_CONVERSION = YES;
				CLANG_WARN_COMMA = YES;
				CLANG_WARN_CONSTANT_CONVERSION = YES;
				CLANG_WARN_DEPRECATED_OBJC_IMPLEMENTATIONS = YES;
				CLANG_WARN_DIRECT_OBJC_ISA_USAGE = YES_ERROR;
				CLANG_WARN_DOCUMENTATION_COMMENTS = YES;
				CLANG_WARN_EMPTY_BODY = YES;
				CLANG_WARN_ENUM_CONVERSION = YES;
				CLANG_WARN_INFINITE_RECURSION = YES;
				CLANG_WARN_INT_CONVERSION = YES;
				CLANG_WARN_NON_LITERAL_NULL_CONVERSION = YES;
				CLANG_WARN_OBJC_IMPLICIT_RETAIN_SELF = YES;
				CLANG_WARN_OBJC_LITERAL_CONVERSION = YES;
				CLANG_WARN_OBJC_ROOT_CLASS = YES_ERROR;
				CLANG_WARN_QUOTED_INCLUDE_IN_FRAMEWORK_HEADER = YES;
				CLANG_WARN_RANGE_LOOP_ANALYSIS = YES;
				CLANG_WARN_STRICT_PROTOTYPES = YES;
				CLANG_WARN_SUSPICIOUS_MOVE = YES;
				CLANG_WARN_UNGUARDED_AVAILABILITY = YES_AGGRESSIVE;
				CLANG_WARN_UNREACHABLE_CODE = YES;
				CLANG_WARN__DUPLICATE_METHOD_MATCH = YES;
				COPY_PHASE_STRIP = NO;
				DEBUG_INFORMATION_FORMAT = "dwarf-with-dsym";
				ENABLE_NS_ASSERTIONS = NO;
				ENABLE_STRICT_OBJC_MSGSEND = YES;
				GCC_C_LANGUAGE_STANDARD = gnu11;
				GCC_NO_COMMON_BLOCKS = YES;
				GCC_WARN_64_TO_32_BIT_CONVERSION = YES;
				GCC_WARN_ABOUT_RETURN_TYPE = YES_ERROR;
				GCC_WARN_UNDECLARED_SELECTOR = YES;
				GCC_WARN_UNINITIALIZED_AUTOS = YES_AGGRESSIVE;
				GCC_WARN_UNUSED_FUNCTION = YES;
				GCC_WARN_UNUSED_VARIABLE = YES;
				IPHONEOS_DEPLOYMENT_TARGET = 16.1;
				MTL_ENABLE_DEBUG_INFO = NO;
				MTL_FAST_MATH = YES;
				SDKROOT = iphoneos;
				SWIFT_COMPILATION_MODE = wholemodule;
				SWIFT_OPTIMIZATION_LEVEL = "-O";
				VALIDATE_PRODUCT = YES;
			};
			name = Release;
		};
		CED42ADF2A383C6500CD6294 /* Debug */ = {
			isa = XCBuildConfiguration;
			buildSettings = {
				ASSETCATALOG_COMPILER_APPICON_NAME = AppIcon;
				ASSETCATALOG_COMPILER_GLOBAL_ACCENT_COLOR_NAME = AccentColor;
				CODE_SIGN_STYLE = Automatic;
				CURRENT_PROJECT_VERSION = 1;
				DEVELOPMENT_TEAM = F9GL24RSF8;
				GENERATE_INFOPLIST_FILE = YES;
				INFOPLIST_FILE = PhoneNumberAuth/Info.plist;
				INFOPLIST_KEY_UIApplicationSupportsIndirectInputEvents = YES;
				INFOPLIST_KEY_UILaunchStoryboardName = LaunchScreen;
				INFOPLIST_KEY_UIMainStoryboardFile = Main;
				INFOPLIST_KEY_UISupportedInterfaceOrientations_iPad = "UIInterfaceOrientationPortrait UIInterfaceOrientationPortraitUpsideDown UIInterfaceOrientationLandscapeLeft UIInterfaceOrientationLandscapeRight";
				INFOPLIST_KEY_UISupportedInterfaceOrientations_iPhone = "UIInterfaceOrientationPortrait UIInterfaceOrientationLandscapeLeft UIInterfaceOrientationLandscapeRight";
				LD_RUNPATH_SEARCH_PATHS = (
					"$(inherited)",
					"@executable_path/Frameworks",
				);
				MARKETING_VERSION = 1.0;
				PRODUCT_BUNDLE_IDENTIFIER = com.znun.PhoneNumberAuth;
				PRODUCT_NAME = "$(TARGET_NAME)";
				SWIFT_EMIT_LOC_STRINGS = YES;
				SWIFT_VERSION = 5.0;
				TARGETED_DEVICE_FAMILY = "1,2";
			};
			name = Debug;
		};
		CED42AE02A383C6500CD6294 /* Release */ = {
			isa = XCBuildConfiguration;
			buildSettings = {
				ASSETCATALOG_COMPILER_APPICON_NAME = AppIcon;
				ASSETCATALOG_COMPILER_GLOBAL_ACCENT_COLOR_NAME = AccentColor;
				CODE_SIGN_STYLE = Automatic;
				CURRENT_PROJECT_VERSION = 1;
				DEVELOPMENT_TEAM = F9GL24RSF8;
				GENERATE_INFOPLIST_FILE = YES;
				INFOPLIST_FILE = PhoneNumberAuth/Info.plist;
				INFOPLIST_KEY_UIApplicationSupportsIndirectInputEvents = YES;
				INFOPLIST_KEY_UILaunchStoryboardName = LaunchScreen;
				INFOPLIST_KEY_UIMainStoryboardFile = Main;
				INFOPLIST_KEY_UISupportedInterfaceOrientations_iPad = "UIInterfaceOrientationPortrait UIInterfaceOrientationPortraitUpsideDown UIInterfaceOrientationLandscapeLeft UIInterfaceOrientationLandscapeRight";
				INFOPLIST_KEY_UISupportedInterfaceOrientations_iPhone = "UIInterfaceOrientationPortrait UIInterfaceOrientationLandscapeLeft UIInterfaceOrientationLandscapeRight";
				LD_RUNPATH_SEARCH_PATHS = (
					"$(inherited)",
					"@executable_path/Frameworks",
				);
				MARKETING_VERSION = 1.0;
				PRODUCT_BUNDLE_IDENTIFIER = com.znun.PhoneNumberAuth;
				PRODUCT_NAME = "$(TARGET_NAME)";
				SWIFT_EMIT_LOC_STRINGS = YES;
				SWIFT_VERSION = 5.0;
				TARGETED_DEVICE_FAMILY = "1,2";
			};
			name = Release;
		};
/* End XCBuildConfiguration section */

/* Begin XCConfigurationList section */
		CED42AC52A383C6200CD6294 /* Build configuration list for PBXProject "PhoneNumberAuth" */ = {
			isa = XCConfigurationList;
			buildConfigurations = (
				CED42ADC2A383C6500CD6294 /* Debug */,
				CED42ADD2A383C6500CD6294 /* Release */,
			);
			defaultConfigurationIsVisible = 0;
			defaultConfigurationName = Release;
		};
		CED42ADE2A383C6500CD6294 /* Build configuration list for PBXNativeTarget "PhoneNumberAuth" */ = {
			isa = XCConfigurationList;
			buildConfigurations = (
				CED42ADF2A383C6500CD6294 /* Debug */,
				CED42AE02A383C6500CD6294 /* Release */,
			);
			defaultConfigurationIsVisible = 0;
			defaultConfigurationName = Release;
		};
/* End XCConfigurationList section */
	};
	rootObject = CED42AC22A383C6200CD6294 /* Project object */;
}
